
Microsoft Visual Studio Solution File, Format Version 12.00
# Visual Studio 14
VisualStudioVersion = 14.0.24720.0
MinimumVisualStudioVersion = 10.0.40219.1
Project("{FAE04EC0-301F-11D3-BF4B-00C04F79EFBC}") = "GuitarNeckBuilder", "GuitarNeckBuilder\GuitarNeckBuilder.csproj", "{17A61804-0381-4425-85E2-9ED665598616}"
EndProject
Project("{FAE04EC0-301F-11D3-BF4B-00C04F79EFBC}") = "Parts", "Parts\Parts.csproj", "{299F3ECA-5480-4463-AD5B-A9631C7E71D5}"
EndProject
Project("{FAE04EC0-301F-11D3-BF4B-00C04F79EFBC}") = "Settings", "Settings\Settings.csproj", "{AD4491D6-7A56-471C-8278-BF7683FB3BDF}"
EndProject
Project("{FAE04EC0-301F-11D3-BF4B-00C04F79EFBC}") = "InventorAPI", "InventorAPI\InventorAPI.csproj", "{1DAD0BC4-9681-4BE0-8C0A-6F12660825EE}"
EndProject
Project("{FAE04EC0-301F-11D3-BF4B-00C04F79EFBC}") = "PartsAssembler", "PartsAssembler\PartsAssembler.csproj", "{A36077F1-8D80-45E0-9E8D-831054C85F05}"
EndProject
Global
	GlobalSection(SolutionConfigurationPlatforms) = preSolution
		Debug|Any CPU = Debug|Any CPU
		Release|Any CPU = Release|Any CPU
	EndGlobalSection
	GlobalSection(ProjectConfigurationPlatforms) = postSolution
		{17A61804-0381-4425-85E2-9ED665598616}.Debug|Any CPU.ActiveCfg = Debug|Any CPU
		{17A61804-0381-4425-85E2-9ED665598616}.Debug|Any CPU.Build.0 = Debug|Any CPU
		{17A61804-0381-4425-85E2-9ED665598616}.Release|Any CPU.ActiveCfg = Release|Any CPU
		{17A61804-0381-4425-85E2-9ED665598616}.Release|Any CPU.Build.0 = Release|Any CPU
		{299F3ECA-5480-4463-AD5B-A9631C7E71D5}.Debug|Any CPU.ActiveCfg = Debug|Any CPU
		{299F3ECA-5480-4463-AD5B-A9631C7E71D5}.Debug|Any CPU.Build.0 = Debug|Any CPU
		{299F3ECA-5480-4463-AD5B-A9631C7E71D5}.Release|Any CPU.ActiveCfg = Release|Any CPU
		{299F3ECA-5480-4463-AD5B-A9631C7E71D5}.Release|Any CPU.Build.0 = Release|Any CPU
		{AD4491D6-7A56-471C-8278-BF7683FB3BDF}.Debug|Any CPU.ActiveCfg = Debug|Any CPU
		{AD4491D6-7A56-471C-8278-BF7683FB3BDF}.Debug|Any CPU.Build.0 = Debug|Any CPU
		{AD4491D6-7A56-471C-8278-BF7683FB3BDF}.Release|Any CPU.ActiveCfg = Release|Any CPU
		{AD4491D6-7A56-471C-8278-BF7683FB3BDF}.Release|Any CPU.Build.0 = Release|Any CPU
		{1DAD0BC4-9681-4BE0-8C0A-6F12660825EE}.Debug|Any CPU.ActiveCfg = Debug|Any CPU
		{1DAD0BC4-9681-4BE0-8C0A-6F12660825EE}.Debug|Any CPU.Build.0 = Debug|Any CPU
		{1DAD0BC4-9681-4BE0-8C0A-6F12660825EE}.Release|Any CPU.ActiveCfg = Release|Any CPU
		{1DAD0BC4-9681-4BE0-8C0A-6F12660825EE}.Release|Any CPU.Build.0 = Release|Any CPU
		{A36077F1-8D80-45E0-9E8D-831054C85F05}.Debug|Any CPU.ActiveCfg = Debug|Any CPU
		{A36077F1-8D80-45E0-9E8D-831054C85F05}.Debug|Any CPU.Build.0 = Debug|Any CPU
		{A36077F1-8D80-45E0-9E8D-831054C85F05}.Release|Any CPU.ActiveCfg = Release|Any CPU
		{A36077F1-8D80-45E0-9E8D-831054C85F05}.Release|Any CPU.Build.0 = Release|Any CPU
	EndGlobalSection
	GlobalSection(SolutionProperties) = preSolution
		HideSolutionNode = FALSE
	EndGlobalSection
EndGlobal
